# This file is autogenerated, do not edit; changes may be undone by the next 'dep ensure'.


[[projects]]
  digest = "1:9c45cf9e4d166423d850c3386f57d076858e1a4201389ff296452ca002cb9c25"
  name = "github.com/dc0d/workerpool"
  packages = ["."]
  pruneopts = "UT"
  revision = "3d2f3651d7bd305d925aaae58c9409d8b90c265a"
  version = "v2"

[[projects]]
  digest = "1:d0c57cee8301a361a6daea88e6a4f7c8bc41c9e2ea18a5d2d2b42818cd13c1ff"
  name = "github.com/gofrs/uuid"
  packages = ["."]
  pruneopts = "UT"
  revision = "3a54a6416087bae7aa0ac32dd79fe1bf87bc99e4"
  version = "v2.1.0"

[[projects]]
  branch = "master"
  digest = "1:76ee51c3f468493aff39dbacc401e8831fbb765104cbf613b89bef01cf4bad70"
  name = "golang.org/x/net"
  packages = ["context"]
  pruneopts = "UT"
  revision = "3673e40ba22529d22c3fd7c93e97b0ce50fa7bdd"

[[projects]]
  branch = "v2"
  digest = "1:5bb148b78468350091db2ffbb2370f35cc6dcd74d9378a31b1c7b86ff7528f08"
  name = "gopkg.in/tomb.v2"
  packages = ["."]
  pruneopts = "UT"
  revision = "d5d1b5820637886def9eef33e03a27a9f166942c"

[solve-meta]
  analyzer-name = "dep"
  analyzer-version = 1
  input-imports = [
    "github.com/dc0d/workerpool",
    "github.com/gofrs/uuid",
    "gopkg.in/tomb.v2",
  ]
  solver-name = "gps-cdcl"
  solver-version = 1
