# This file is autogenerated, do not edit; changes may be undone by the next 'dep ensure'.


[[projects]]
  digest = "1:25632890631dda88c0b1558142210bdda9e87af78d10ebfdfda599ff9b7e3780"
  name = "github.com/dc0d/workerpool"
  packages = ["."]
  pruneopts = "UT"
  revision = "b089d6fbecae0a3e1364d825c7957359a9d75e38"
  version = "v3.0.3"

[[projects]]
  digest = "1:33c0c8f77a5735b1e2f2348a70dd98856ef9fc08c39e06dd605a7e2e91295faf"
  name = "github.com/gofrs/uuid"
  packages = ["."]
  pruneopts = "UT"
  revision = "c52a24014454cb81a53adfe807a68f6a20b49d74"
  version = "v3.0.0"

[[projects]]
  branch = "master"
  digest = "1:76ee51c3f468493aff39dbacc401e8831fbb765104cbf613b89bef01cf4bad70"
  name = "golang.org/x/net"
  packages = ["context"]
  pruneopts = "UT"
  revision = "c4299a1a0d8524c11563db160fbf9bddbceadb21"

[[projects]]
  branch = "v2"
  digest = "1:5bb148b78468350091db2ffbb2370f35cc6dcd74d9378a31b1c7b86ff7528f08"
  name = "gopkg.in/tomb.v2"
  packages = ["."]
  pruneopts = "UT"
  revision = "d5d1b5820637886def9eef33e03a27a9f166942c"

[solve-meta]
  analyzer-name = "dep"
  analyzer-version = 1
  input-imports = [
    "github.com/dc0d/workerpool",
    "github.com/gofrs/uuid",
    "gopkg.in/tomb.v2",
  ]
  solver-name = "gps-cdcl"
  solver-version = 1
